github.com/hedzr/log v1.6.25 h1:AEA2NQlNhYRKi+UdmAslZ3vZOECozlRPSBD5UI6GP7M=
github.com/hedzr/log v1.6.25/go.mod h1:zQkaAR9O29QtrJLwzeWWeHoxjS+c6DQ/+jV/rSxkFlU=
gopkg.in/hedzr/errors.v3 v3.3.0 h1:yRrvjfAyMV5Sn4aMVJM0/aE1Xrm7IP637SENduQAKE4=
gopkg.in/hedzr/errors.v3 v3.3.0/go.mod h1:UwtyepqtGTIAmdZGSc7wxXT5Gfd/BjcfRMhPpxwkJM4=
