github.com/hedzr/is v0.8.55 h1:ShJ7MZzdPbM9JMXDI4hTiUdBS6jC4NOcI9kcsc39QwQ=
github.com/hedzr/is v0.8.55/go.mod h1:yFDEghAwYSV5WtxR6IRE+oylqnxc0LLFLj2AvZfb/ng=
github.com/hedzr/logg v0.8.55 h1:8hNC4PtCIgom29NfH3p87+edXhqvih7ChiBdQXLfWwc=
github.com/hedzr/logg v0.8.55/go.mod h1:vlM7Xg/AlFXdPOaIByJKGtMFQ0cUEx09UbXWAFKZ2Y4=
golang.org/x/net v0.43.0 h1:lat02VYK2j4aLzMzecihNvTlJNQUq316m2Mr9rnM6YE=
golang.org/x/net v0.43.0/go.mod h1:vhO1fvI4dGsIjh73sWfUVjj3N7CA9WkKJNQm2svM6Jg=
golang.org/x/sys v0.35.0 h1:vz1N37gP5bs89s7He8XuIYXpyY0+QlsKmzipCbUtyxI=
golang.org/x/sys v0.35.0/go.mod h1:BJP2sWEmIv4KK5OTEluFJCKSidICx8ciO85XgH3Ak8k=
golang.org/x/term v0.34.0 h1:O/2T7POpk0ZZ7MAzMeWFSg6S5IpWd/RXDlM9hgM3DR4=
golang.org/x/term v0.34.0/go.mod h1:5jC53AEywhIVebHgPVeg0mj8OD3VO9OzclacVrqpaAw=
gopkg.in/hedzr/errors.v3 v3.3.5 h1:bF4ijq4PAjwjCB8s7nWf2cjqo/yp6afNuQMC2SnX7t8=
gopkg.in/hedzr/errors.v3 v3.3.5/go.mod h1:UwtyepqtGTIAmdZGSc7wxXT5Gfd/BjcfRMhPpxwkJM4=
